// !$*UTF8*$!
{
	archiveVersion = 1;
	classes = {
	};
	objectVersion = 56;
	objects = {

/* Begin PBXBuildFile section */
		2D1E0720299E7A0F00ECE9F5 /* Passenger_Tracking_AppApp.swift in Sources */ = {isa = PBXBuildFile; fileRef = 2D1E071F299E7A0F00ECE9F5 /* Passenger_Tracking_AppApp.swift */; };
		2D1E0722299E7A0F00ECE9F5 /* ContentView.swift in Sources */ = {isa = PBXBuildFile; fileRef = 2D1E0721299E7A0F00ECE9F5 /* ContentView.swift */; };
		2D1E0724299E7A1100ECE9F5 /* Assets.xcassets in Resources */ = {isa = PBXBuildFile; fileRef = 2D1E0723299E7A1100ECE9F5 /* Assets.xcassets */; };
		2D1E0727299E7A1100ECE9F5 /* Preview Assets.xcassets in Resources */ = {isa = PBXBuildFile; fileRef = 2D1E0726299E7A1100ECE9F5 /* Preview Assets.xcassets */; };
		2D1E0731299E7A1200ECE9F5 /* Passenger_Tracking_AppTests.swift in Sources */ = {isa = PBXBuildFile; fileRef = 2D1E0730299E7A1200ECE9F5 /* Passenger_Tracking_AppTests.swift */; };
		2D1E073B299E7A1200ECE9F5 /* Passenger_Tracking_AppUITests.swift in Sources */ = {isa = PBXBuildFile; fileRef = 2D1E073A299E7A1200ECE9F5 /* Passenger_Tracking_AppUITests.swift */; };
		2D1E073D299E7A1200ECE9F5 /* Passenger_Tracking_AppUITestsLaunchTests.swift in Sources */ = {isa = PBXBuildFile; fileRef = 2D1E073C299E7A1200ECE9F5 /* Passenger_Tracking_AppUITestsLaunchTests.swift */; };
		2DA20835299E823800A341F5 /* String.swift in Sources */ = {isa = PBXBuildFile; fileRef = 2DA20834299E823800A341F5 /* String.swift */; };
		2DA20837299E8BCD00A341F5 /* RegisterView.swift in Sources */ = {isa = PBXBuildFile; fileRef = 2DA20836299E8BCD00A341F5 /* RegisterView.swift */; };
		2DA20839299E8C7800A341F5 /* AuthView.swift in Sources */ = {isa = PBXBuildFile; fileRef = 2DA20838299E8C7800A341F5 /* AuthView.swift */; };
		2DA8C2FB2A16189500B1F1E9 /* StudentAdd.swift in Sources */ = {isa = PBXBuildFile; fileRef = 2DA8C2FA2A16189500B1F1E9 /* StudentAdd.swift */; };
		2DAA92842A164930006C8130 /* SchoolBusDriverInfoView.swift in Sources */ = {isa = PBXBuildFile; fileRef = 2DAA92832A164930006C8130 /* SchoolBusDriverInfoView.swift */; };
		2DAA92872A167DD2006C8130 /* OjectDemo.swift in Sources */ = {isa = PBXBuildFile; fileRef = 2DAA92862A167DD2006C8130 /* OjectDemo.swift */; };
		2DAA92892A167F0F006C8130 /* ReadViewModel.swift in Sources */ = {isa = PBXBuildFile; fileRef = 2DAA92882A167F0F006C8130 /* ReadViewModel.swift */; };
		2DAD2B3B2A1575AD00F01015 /* FirebaseAuth in Frameworks */ = {isa = PBXBuildFile; productRef = 2DAD2B3A2A1575AD00F01015 /* FirebaseAuth */; };
		2DAD2B3D2A1575AD00F01015 /* FirebaseDatabase in Frameworks */ = {isa = PBXBuildFile; productRef = 2DAD2B3C2A1575AD00F01015 /* FirebaseDatabase */; };
		2DAD2B3F2A1575AD00F01015 /* FirebaseDatabaseSwift in Frameworks */ = {isa = PBXBuildFile; productRef = 2DAD2B3E2A1575AD00F01015 /* FirebaseDatabaseSwift */; };
		2DAD2B412A1575AD00F01015 /* FirebaseFirestore in Frameworks */ = {isa = PBXBuildFile; productRef = 2DAD2B402A1575AD00F01015 /* FirebaseFirestore */; };
		2DB2428A2A16D24D000C8DC6 /* ParentsEdit.swift in Sources */ = {isa = PBXBuildFile; fileRef = 2DB242882A16D24D000C8DC6 /* ParentsEdit.swift */; };
		2DB2428B2A16D24D000C8DC6 /* ParentsInfo.swift in Sources */ = {isa = PBXBuildFile; fileRef = 2DB242892A16D24D000C8DC6 /* ParentsInfo.swift */; };
		2DB2428D2A16D2A7000C8DC6 /* BusDriverInfo.swift in Sources */ = {isa = PBXBuildFile; fileRef = 2DB2428C2A16D2A7000C8DC6 /* BusDriverInfo.swift */; };
		2DB2428F2A16D70A000C8DC6 /* GoogleService-Info.plist in Resources */ = {isa = PBXBuildFile; fileRef = 2DB2428E2A16D70A000C8DC6 /* GoogleService-Info.plist */; };
		2DB242912A16E258000C8DC6 /* realtime.swift in Sources */ = {isa = PBXBuildFile; fileRef = 2DB242902A16E258000C8DC6 /* realtime.swift */; };
		2DB242932A16FE1E000C8DC6 /* StudentTracking.swift in Sources */ = {isa = PBXBuildFile; fileRef = 2DB242922A16FE1D000C8DC6 /* StudentTracking.swift */; };
		2DBCF46A2A14D88F00C5CF1B /* StudentHistory.swift in Sources */ = {isa = PBXBuildFile; fileRef = 2DBCF4622A14D88E00C5CF1B /* StudentHistory.swift */; };
		2DBCF46B2A14D88F00C5CF1B /* ParentsStudentView.swift in Sources */ = {isa = PBXBuildFile; fileRef = 2DBCF4632A14D88E00C5CF1B /* ParentsStudentView.swift */; };
		2DBCF46C2A14D88F00C5CF1B /* ParentsView.swift in Sources */ = {isa = PBXBuildFile; fileRef = 2DBCF4642A14D88F00C5CF1B /* ParentsView.swift */; };
		2DBCF46D2A14D88F00C5CF1B /* StudentEdit.swift in Sources */ = {isa = PBXBuildFile; fileRef = 2DBCF4652A14D88F00C5CF1B /* StudentEdit.swift */; };
		2DBCF4772A14D8B900C5CF1B /* BusStudentView.swift in Sources */ = {isa = PBXBuildFile; fileRef = 2DBCF4722A14D8B800C5CF1B /* BusStudentView.swift */; };
		2DBCF4792A14D8B900C5CF1B /* BusDriverEdit.swift in Sources */ = {isa = PBXBuildFile; fileRef = 2DBCF4742A14D8B900C5CF1B /* BusDriverEdit.swift */; };
		2DBCF47A2A14D8B900C5CF1B /* BusStudentInfo.swift in Sources */ = {isa = PBXBuildFile; fileRef = 2DBCF4752A14D8B900C5CF1B /* BusStudentInfo.swift */; };
		2DBCF4842A14D8C800C5CF1B /* SchoolBusView.swift in Sources */ = {isa = PBXBuildFile; fileRef = 2DBCF47B2A14D8C700C5CF1B /* SchoolBusView.swift */; };
		2DBCF4862A14D8C800C5CF1B /* SchoolStudentlist.swift in Sources */ = {isa = PBXBuildFile; fileRef = 2DBCF47D2A14D8C800C5CF1B /* SchoolStudentlist.swift */; };
		2DBCF4872A14D8C800C5CF1B /* SchoolStudentView.swift in Sources */ = {isa = PBXBuildFile; fileRef = 2DBCF47E2A14D8C800C5CF1B /* SchoolStudentView.swift */; };
		2DBCF4882A14D8C800C5CF1B /* HistoryView.swift in Sources */ = {isa = PBXBuildFile; fileRef = 2DBCF47F2A14D8C800C5CF1B /* HistoryView.swift */; };
		2DBCF4892A14D8C800C5CF1B /* SchoolView.swift in Sources */ = {isa = PBXBuildFile; fileRef = 2DBCF4802A14D8C800C5CF1B /* SchoolView.swift */; };
		2DBCF48A2A14D8C800C5CF1B /* HistoryDetailView.swift in Sources */ = {isa = PBXBuildFile; fileRef = 2DBCF4812A14D8C800C5CF1B /* HistoryDetailView.swift */; };
		2DBCF48C2A14D8C800C5CF1B /* SchoolInfoEdit.swift in Sources */ = {isa = PBXBuildFile; fileRef = 2DBCF4832A14D8C800C5CF1B /* SchoolInfoEdit.swift */; };
		2DE562B62A14F1FB00BF26AE /* SchoolInfo.swift in Sources */ = {isa = PBXBuildFile; fileRef = 2DE562B52A14F1FB00BF26AE /* SchoolInfo.swift */; };
		2DE562B92A14F20500BF26AE /* StudentSchoolInfo.swift in Sources */ = {isa = PBXBuildFile; fileRef = 2DE562B72A14F20400BF26AE /* StudentSchoolInfo.swift */; };
		2DE562BA2A14F20500BF26AE /* StudentInfoView.swift in Sources */ = {isa = PBXBuildFile; fileRef = 2DE562B82A14F20500BF26AE /* StudentInfoView.swift */; };
		2DE562BE2A15640900BF26AE /* BusStudentList.swift in Sources */ = {isa = PBXBuildFile; fileRef = 2DE562BB2A15640800BF26AE /* BusStudentList.swift */; };
		2DE562BF2A15640900BF26AE /* BusDriverView.swift in Sources */ = {isa = PBXBuildFile; fileRef = 2DE562BC2A15640900BF26AE /* BusDriverView.swift */; };
		2DE562C02A15640900BF26AE /* BusStudentAdd.swift in Sources */ = {isa = PBXBuildFile; fileRef = 2DE562BD2A15640900BF26AE /* BusStudentAdd.swift */; };
		2DFA42C6299E7B1300F49B65 /* LoginView.swift in Sources */ = {isa = PBXBuildFile; fileRef = 2DFA42C5299E7B1300F49B65 /* LoginView.swift */; };
		350F36B695C602D81845F49A /* Pods_Passenger_Tracking_App.framework in Frameworks */ = {isa = PBXBuildFile; fileRef = 45EAAD5ECACFD54850AD9B73 /* Pods_Passenger_Tracking_App.framework */; };
		9C14EADADCFFAD5A770959E9 /* Pods_Passenger_Tracking_App_Passenger_Tracking_AppUITests.framework in Frameworks */ = {isa = PBXBuildFile; fileRef = AD1193DD98BAA6FD6D5B10F4 /* Pods_Passenger_Tracking_App_Passenger_Tracking_AppUITests.framework */; };
		C0040382D26D4789CC34FA65 /* Pods_Passenger_Tracking_AppTests.framework in Frameworks */ = {isa = PBXBuildFile; fileRef = 7E55C7A9A3C8FF6860013BA7 /* Pods_Passenger_Tracking_AppTests.framework */; };
/* End PBXBuildFile section */

/* Begin PBXContainerItemProxy section */
		2D1E072D299E7A1200ECE9F5 /* PBXContainerItemProxy */ = {
			isa = PBXContainerItemProxy;
			containerPortal = 2D1E0714299E7A0F00ECE9F5 /* Project object */;
			proxyType = 1;
			remoteGlobalIDString = 2D1E071B299E7A0F00ECE9F5;
			remoteInfo = "Passenger Tracking App";
		};
		2D1E0737299E7A1200ECE9F5 /* PBXContainerItemProxy */ = {
			isa = PBXContainerItemProxy;
			containerPortal = 2D1E0714299E7A0F00ECE9F5 /* Project object */;
			proxyType = 1;
			remoteGlobalIDString = 2D1E071B299E7A0F00ECE9F5;
			remoteInfo = "Passenger Tracking App";
		};
/* End PBXContainerItemProxy section */

/* Begin PBXFileReference section */
		1A1B852FAA9B80121A75F93B /* Pods-Passenger Tracking AppTests.release.xcconfig */ = {isa = PBXFileReference; includeInIndex = 1; lastKnownFileType = text.xcconfig; name = "Pods-Passenger Tracking AppTests.release.xcconfig"; path = "Target Support Files/Pods-Passenger Tracking AppTests/Pods-Passenger Tracking AppTests.release.xcconfig"; sourceTree = "<group>"; };
		2D1E071C299E7A0F00ECE9F5 /* Passenger Tracking App.app */ = {isa = PBXFileReference; explicitFileType = wrapper.application; includeInIndex = 0; path = "Passenger Tracking App.app"; sourceTree = BUILT_PRODUCTS_DIR; };
		2D1E071F299E7A0F00ECE9F5 /* Passenger_Tracking_AppApp.swift */ = {isa = PBXFileReference; lastKnownFileType = sourcecode.swift; path = Passenger_Tracking_AppApp.swift; sourceTree = "<group>"; };
		2D1E0721299E7A0F00ECE9F5 /* ContentView.swift */ = {isa = PBXFileReference; lastKnownFileType = sourcecode.swift; path = ContentView.swift; sourceTree = "<group>"; };
		2D1E0723299E7A1100ECE9F5 /* Assets.xcassets */ = {isa = PBXFileReference; lastKnownFileType = folder.assetcatalog; path = Assets.xcassets; sourceTree = "<group>"; };
		2D1E0726299E7A1100ECE9F5 /* Preview Assets.xcassets */ = {isa = PBXFileReference; lastKnownFileType = folder.assetcatalog; path = "Preview Assets.xcassets"; sourceTree = "<group>"; };
		2D1E072C299E7A1200ECE9F5 /* Passenger Tracking AppTests.xctest */ = {isa = PBXFileReference; explicitFileType = wrapper.cfbundle; includeInIndex = 0; path = "Passenger Tracking AppTests.xctest"; sourceTree = BUILT_PRODUCTS_DIR; };
		2D1E0730299E7A1200ECE9F5 /* Passenger_Tracking_AppTests.swift */ = {isa = PBXFileReference; lastKnownFileType = sourcecode.swift; path = Passenger_Tracking_AppTests.swift; sourceTree = "<group>"; };
		2D1E0736299E7A1200ECE9F5 /* Passenger Tracking AppUITests.xctest */ = {isa = PBXFileReference; explicitFileType = wrapper.cfbundle; includeInIndex = 0; path = "Passenger Tracking AppUITests.xctest"; sourceTree = BUILT_PRODUCTS_DIR; };
		2D1E073A299E7A1200ECE9F5 /* Passenger_Tracking_AppUITests.swift */ = {isa = PBXFileReference; lastKnownFileType = sourcecode.swift; path = Passenger_Tracking_AppUITests.swift; sourceTree = "<group>"; };
		2D1E073C299E7A1200ECE9F5 /* Passenger_Tracking_AppUITestsLaunchTests.swift */ = {isa = PBXFileReference; lastKnownFileType = sourcecode.swift; path = Passenger_Tracking_AppUITestsLaunchTests.swift; sourceTree = "<group>"; };
		2DA20834299E823800A341F5 /* String.swift */ = {isa = PBXFileReference; lastKnownFileType = sourcecode.swift; path = String.swift; sourceTree = "<group>"; };
		2DA20836299E8BCD00A341F5 /* RegisterView.swift */ = {isa = PBXFileReference; lastKnownFileType = sourcecode.swift; path = RegisterView.swift; sourceTree = "<group>"; };
		2DA20838299E8C7800A341F5 /* AuthView.swift */ = {isa = PBXFileReference; lastKnownFileType = sourcecode.swift; path = AuthView.swift; sourceTree = "<group>"; };
		2DA8C2FA2A16189500B1F1E9 /* StudentAdd.swift */ = {isa = PBXFileReference; fileEncoding = 4; lastKnownFileType = sourcecode.swift; path = StudentAdd.swift; sourceTree = "<group>"; };
		2DAA92832A164930006C8130 /* SchoolBusDriverInfoView.swift */ = {isa = PBXFileReference; fileEncoding = 4; lastKnownFileType = sourcecode.swift; path = SchoolBusDriverInfoView.swift; sourceTree = "<group>"; };
		2DAA92862A167DD2006C8130 /* OjectDemo.swift */ = {isa = PBXFileReference; lastKnownFileType = sourcecode.swift; path = OjectDemo.swift; sourceTree = "<group>"; };
		2DAA92882A167F0F006C8130 /* ReadViewModel.swift */ = {isa = PBXFileReference; lastKnownFileType = sourcecode.swift; path = ReadViewModel.swift; sourceTree = "<group>"; };
		2DB242882A16D24D000C8DC6 /* ParentsEdit.swift */ = {isa = PBXFileReference; fileEncoding = 4; lastKnownFileType = sourcecode.swift; path = ParentsEdit.swift; sourceTree = "<group>"; };
		2DB242892A16D24D000C8DC6 /* ParentsInfo.swift */ = {isa = PBXFileReference; fileEncoding = 4; lastKnownFileType = sourcecode.swift; path = ParentsInfo.swift; sourceTree = "<group>"; };
		2DB2428C2A16D2A7000C8DC6 /* BusDriverInfo.swift */ = {isa = PBXFileReference; fileEncoding = 4; lastKnownFileType = sourcecode.swift; path = BusDriverInfo.swift; sourceTree = "<group>"; };
		2DB2428E2A16D70A000C8DC6 /* GoogleService-Info.plist */ = {isa = PBXFileReference; fileEncoding = 4; lastKnownFileType = text.plist.xml; path = "GoogleService-Info.plist"; sourceTree = "<group>"; };
		2DB242902A16E258000C8DC6 /* realtime.swift */ = {isa = PBXFileReference; fileEncoding = 4; lastKnownFileType = sourcecode.swift; path = realtime.swift; sourceTree = "<group>"; };
		2DB242922A16FE1D000C8DC6 /* StudentTracking.swift */ = {isa = PBXFileReference; fileEncoding = 4; lastKnownFileType = sourcecode.swift; path = StudentTracking.swift; sourceTree = "<group>"; };
		2DBCF4622A14D88E00C5CF1B /* StudentHistory.swift */ = {isa = PBXFileReference; fileEncoding = 4; lastKnownFileType = sourcecode.swift; path = StudentHistory.swift; sourceTree = "<group>"; };
		2DBCF4632A14D88E00C5CF1B /* ParentsStudentView.swift */ = {isa = PBXFileReference; fileEncoding = 4; lastKnownFileType = sourcecode.swift; path = ParentsStudentView.swift; sourceTree = "<group>"; };
		2DBCF4642A14D88F00C5CF1B /* ParentsView.swift */ = {isa = PBXFileReference; fileEncoding = 4; lastKnownFileType = sourcecode.swift; path = ParentsView.swift; sourceTree = "<group>"; };
		2DBCF4652A14D88F00C5CF1B /* StudentEdit.swift */ = {isa = PBXFileReference; fileEncoding = 4; lastKnownFileType = sourcecode.swift; path = StudentEdit.swift; sourceTree = "<group>"; };
		2DBCF4722A14D8B800C5CF1B /* BusStudentView.swift */ = {isa = PBXFileReference; fileEncoding = 4; lastKnownFileType = sourcecode.swift; path = BusStudentView.swift; sourceTree = "<group>"; };
		2DBCF4742A14D8B900C5CF1B /* BusDriverEdit.swift */ = {isa = PBXFileReference; fileEncoding = 4; lastKnownFileType = sourcecode.swift; path = BusDriverEdit.swift; sourceTree = "<group>"; };
		2DBCF4752A14D8B900C5CF1B /* BusStudentInfo.swift */ = {isa = PBXFileReference; fileEncoding = 4; lastKnownFileType = sourcecode.swift; path = BusStudentInfo.swift; sourceTree = "<group>"; };
		2DBCF47B2A14D8C700C5CF1B /* SchoolBusView.swift */ = {isa = PBXFileReference; fileEncoding = 4; lastKnownFileType = sourcecode.swift; path = SchoolBusView.swift; sourceTree = "<group>"; };
		2DBCF47D2A14D8C800C5CF1B /* SchoolStudentlist.swift */ = {isa = PBXFileReference; fileEncoding = 4; lastKnownFileType = sourcecode.swift; path = SchoolStudentlist.swift; sourceTree = "<group>"; };
		2DBCF47E2A14D8C800C5CF1B /* SchoolStudentView.swift */ = {isa = PBXFileReference; fileEncoding = 4; lastKnownFileType = sourcecode.swift; path = SchoolStudentView.swift; sourceTree = "<group>"; };
		2DBCF47F2A14D8C800C5CF1B /* HistoryView.swift */ = {isa = PBXFileReference; fileEncoding = 4; lastKnownFileType = sourcecode.swift; path = HistoryView.swift; sourceTree = "<group>"; };
		2DBCF4802A14D8C800C5CF1B /* SchoolView.swift */ = {isa = PBXFileReference; fileEncoding = 4; lastKnownFileType = sourcecode.swift; path = SchoolView.swift; sourceTree = "<group>"; };
		2DBCF4812A14D8C800C5CF1B /* HistoryDetailView.swift */ = {isa = PBXFileReference; fileEncoding = 4; lastKnownFileType = sourcecode.swift; path = HistoryDetailView.swift; sourceTree = "<group>"; };
		2DBCF4832A14D8C800C5CF1B /* SchoolInfoEdit.swift */ = {isa = PBXFileReference; fileEncoding = 4; lastKnownFileType = sourcecode.swift; path = SchoolInfoEdit.swift; sourceTree = "<group>"; };
		2DE562B52A14F1FB00BF26AE /* SchoolInfo.swift */ = {isa = PBXFileReference; fileEncoding = 4; lastKnownFileType = sourcecode.swift; path = SchoolInfo.swift; sourceTree = "<group>"; };
		2DE562B72A14F20400BF26AE /* StudentSchoolInfo.swift */ = {isa = PBXFileReference; fileEncoding = 4; lastKnownFileType = sourcecode.swift; path = StudentSchoolInfo.swift; sourceTree = "<group>"; };
		2DE562B82A14F20500BF26AE /* StudentInfoView.swift */ = {isa = PBXFileReference; fileEncoding = 4; lastKnownFileType = sourcecode.swift; path = StudentInfoView.swift; sourceTree = "<group>"; };
		2DE562BB2A15640800BF26AE /* BusStudentList.swift */ = {isa = PBXFileReference; fileEncoding = 4; lastKnownFileType = sourcecode.swift; path = BusStudentList.swift; sourceTree = "<group>"; };
		2DE562BC2A15640900BF26AE /* BusDriverView.swift */ = {isa = PBXFileReference; fileEncoding = 4; lastKnownFileType = sourcecode.swift; path = BusDriverView.swift; sourceTree = "<group>"; };
		2DE562BD2A15640900BF26AE /* BusStudentAdd.swift */ = {isa = PBXFileReference; fileEncoding = 4; lastKnownFileType = sourcecode.swift; path = BusStudentAdd.swift; sourceTree = "<group>"; };
		2DFA42C5299E7B1300F49B65 /* LoginView.swift */ = {isa = PBXFileReference; lastKnownFileType = sourcecode.swift; path = LoginView.swift; sourceTree = "<group>"; };
		34A526A2EFF04DC700C0534B /* Pods-Passenger Tracking AppTests.debug.xcconfig */ = {isa = PBXFileReference; includeInIndex = 1; lastKnownFileType = text.xcconfig; name = "Pods-Passenger Tracking AppTests.debug.xcconfig"; path = "Target Support Files/Pods-Passenger Tracking AppTests/Pods-Passenger Tracking AppTests.debug.xcconfig"; sourceTree = "<group>"; };
		3D855DACA51BD83C5B6A898F /* Pods-Passenger Tracking App.release.xcconfig */ = {isa = PBXFileReference; includeInIndex = 1; lastKnownFileType = text.xcconfig; name = "Pods-Passenger Tracking App.release.xcconfig"; path = "Target Support Files/Pods-Passenger Tracking App/Pods-Passenger Tracking App.release.xcconfig"; sourceTree = "<group>"; };
		44F714510B1CA844AC29E90C /* Pods-Passenger Tracking App-Passenger Tracking AppUITests.release.xcconfig */ = {isa = PBXFileReference; includeInIndex = 1; lastKnownFileType = text.xcconfig; name = "Pods-Passenger Tracking App-Passenger Tracking AppUITests.release.xcconfig"; path = "Target Support Files/Pods-Passenger Tracking App-Passenger Tracking AppUITests/Pods-Passenger Tracking App-Passenger Tracking AppUITests.release.xcconfig"; sourceTree = "<group>"; };
		45EAAD5ECACFD54850AD9B73 /* Pods_Passenger_Tracking_App.framework */ = {isa = PBXFileReference; explicitFileType = wrapper.framework; includeInIndex = 0; path = Pods_Passenger_Tracking_App.framework; sourceTree = BUILT_PRODUCTS_DIR; };
		7E55C7A9A3C8FF6860013BA7 /* Pods_Passenger_Tracking_AppTests.framework */ = {isa = PBXFileReference; explicitFileType = wrapper.framework; includeInIndex = 0; path = Pods_Passenger_Tracking_AppTests.framework; sourceTree = BUILT_PRODUCTS_DIR; };
		970C5E3B5A12152C71239B36 /* Pods-Passenger Tracking App.debug.xcconfig */ = {isa = PBXFileReference; includeInIndex = 1; lastKnownFileType = text.xcconfig; name = "Pods-Passenger Tracking App.debug.xcconfig"; path = "Target Support Files/Pods-Passenger Tracking App/Pods-Passenger Tracking App.debug.xcconfig"; sourceTree = "<group>"; };
		AD1193DD98BAA6FD6D5B10F4 /* Pods_Passenger_Tracking_App_Passenger_Tracking_AppUITests.framework */ = {isa = PBXFileReference; explicitFileType = wrapper.framework; includeInIndex = 0; path = Pods_Passenger_Tracking_App_Passenger_Tracking_AppUITests.framework; sourceTree = BUILT_PRODUCTS_DIR; };
		CE8C9D0CD50C0429D239062E /* Pods-Passenger Tracking App-Passenger Tracking AppUITests.debug.xcconfig */ = {isa = PBXFileReference; includeInIndex = 1; lastKnownFileType = text.xcconfig; name = "Pods-Passenger Tracking App-Passenger Tracking AppUITests.debug.xcconfig"; path = "Target Support Files/Pods-Passenger Tracking App-Passenger Tracking AppUITests/Pods-Passenger Tracking App-Passenger Tracking AppUITests.debug.xcconfig"; sourceTree = "<group>"; };
/* End PBXFileReference section */

/* Begin PBXFrameworksBuildPhase section */
		2D1E0719299E7A0F00ECE9F5 /* Frameworks */ = {
			isa = PBXFrameworksBuildPhase;
			buildActionMask = 2147483647;
			files = (
				2DAD2B3F2A1575AD00F01015 /* FirebaseDatabaseSwift in Frameworks */,
				2DAD2B3D2A1575AD00F01015 /* FirebaseDatabase in Frameworks */,
				350F36B695C602D81845F49A /* Pods_Passenger_Tracking_App.framework in Frameworks */,
				2DAD2B412A1575AD00F01015 /* FirebaseFirestore in Frameworks */,
				2DAD2B3B2A1575AD00F01015 /* FirebaseAuth in Frameworks */,
			);
			runOnlyForDeploymentPostprocessing = 0;
		};
		2D1E0729299E7A1200ECE9F5 /* Frameworks */ = {
			isa = PBXFrameworksBuildPhase;
			buildActionMask = 2147483647;
			files = (
				C0040382D26D4789CC34FA65 /* Pods_Passenger_Tracking_AppTests.framework in Frameworks */,
			);
			runOnlyForDeploymentPostprocessing = 0;
		};
		2D1E0733299E7A1200ECE9F5 /* Frameworks */ = {
			isa = PBXFrameworksBuildPhase;
			buildActionMask = 2147483647;
			files = (
				9C14EADADCFFAD5A770959E9 /* Pods_Passenger_Tracking_App_Passenger_Tracking_AppUITests.framework in Frameworks */,
			);
			runOnlyForDeploymentPostprocessing = 0;
		};
/* End PBXFrameworksBuildPhase section */

/* Begin PBXGroup section */
		2D1E0713299E7A0F00ECE9F5 = {
			isa = PBXGroup;
			children = (
				2D1E071E299E7A0F00ECE9F5 /* Passenger Tracking App */,
				2D1E072F299E7A1200ECE9F5 /* Passenger Tracking AppTests */,
				2D1E0739299E7A1200ECE9F5 /* Passenger Tracking AppUITests */,
				2D1E071D299E7A0F00ECE9F5 /* Products */,
				D80295261CBA14D642503F3A /* Pods */,
				CC9418B7156DD0D306F3A9A7 /* Frameworks */,
			);
			sourceTree = "<group>";
		};
		2D1E071D299E7A0F00ECE9F5 /* Products */ = {
			isa = PBXGroup;
			children = (
				2D1E071C299E7A0F00ECE9F5 /* Passenger Tracking App.app */,
				2D1E072C299E7A1200ECE9F5 /* Passenger Tracking AppTests.xctest */,
				2D1E0736299E7A1200ECE9F5 /* Passenger Tracking AppUITests.xctest */,
			);
			name = Products;
			sourceTree = "<group>";
		};
		2D1E071E299E7A0F00ECE9F5 /* Passenger Tracking App */ = {
			isa = PBXGroup;
			children = (
				2DB2428E2A16D70A000C8DC6 /* GoogleService-Info.plist */,
				2DAA92852A167DB9006C8130 /* Read */,
				2DAD2B342A156EB700F01015 /* Model */,
				2DA20833299E822700A341F5 /* Extensions */,
				2DFA42C4299E7B0100F49B65 /* Views */,
				2D1E071F299E7A0F00ECE9F5 /* Passenger_Tracking_AppApp.swift */,
				2D1E0721299E7A0F00ECE9F5 /* ContentView.swift */,
				2DB242902A16E258000C8DC6 /* realtime.swift */,
				2D1E0723299E7A1100ECE9F5 /* Assets.xcassets */,
				2D1E0725299E7A1100ECE9F5 /* Preview Content */,
			);
			path = "Passenger Tracking App";
			sourceTree = "<group>";
		};
		2D1E0725299E7A1100ECE9F5 /* Preview Content */ = {
			isa = PBXGroup;
			children = (
				2D1E0726299E7A1100ECE9F5 /* Preview Assets.xcassets */,
			);
			path = "Preview Content";
			sourceTree = "<group>";
		};
		2D1E072F299E7A1200ECE9F5 /* Passenger Tracking AppTests */ = {
			isa = PBXGroup;
			children = (
				2D1E0730299E7A1200ECE9F5 /* Passenger_Tracking_AppTests.swift */,
			);
			path = "Passenger Tracking AppTests";
			sourceTree = "<group>";
		};
		2D1E0739299E7A1200ECE9F5 /* Passenger Tracking AppUITests */ = {
			isa = PBXGroup;
			children = (
				2D1E073A299E7A1200ECE9F5 /* Passenger_Tracking_AppUITests.swift */,
				2D1E073C299E7A1200ECE9F5 /* Passenger_Tracking_AppUITestsLaunchTests.swift */,
			);
			path = "Passenger Tracking AppUITests";
			sourceTree = "<group>";
		};
		2DA11DA02A13050D00D65753 /* authen */ = {
			isa = PBXGroup;
			children = (
				2DFA42C5299E7B1300F49B65 /* LoginView.swift */,
				2DA20836299E8BCD00A341F5 /* RegisterView.swift */,
				2DA20838299E8C7800A341F5 /* AuthView.swift */,
			);
			path = authen;
			sourceTree = "<group>";
		};
		2DA11DA12A13052B00D65753 /* general */ = {
			isa = PBXGroup;
			children = (
				2DBCF4642A14D88F00C5CF1B /* ParentsView.swift */,
				2DBCF4632A14D88E00C5CF1B /* ParentsStudentView.swift */,
				2DA8C2FA2A16189500B1F1E9 /* StudentAdd.swift */,
				2DB242892A16D24D000C8DC6 /* ParentsInfo.swift */,
				2DB242882A16D24D000C8DC6 /* ParentsEdit.swift */,
				2DB242922A16FE1D000C8DC6 /* StudentTracking.swift */,
				2DBCF4622A14D88E00C5CF1B /* StudentHistory.swift */,
				2DE562B82A14F20500BF26AE /* StudentInfoView.swift */,
				2DBCF4652A14D88F00C5CF1B /* StudentEdit.swift */,
				2DE562B72A14F20400BF26AE /* StudentSchoolInfo.swift */,
			);
			path = general;
			sourceTree = "<group>";
		};
		2DA11DA22A13055100D65753 /* driver */ = {
			isa = PBXGroup;
			children = (
				2DE562BC2A15640900BF26AE /* BusDriverView.swift */,
				2DE562BD2A15640900BF26AE /* BusStudentAdd.swift */,
				2DE562BB2A15640800BF26AE /* BusStudentList.swift */,
				2DB2428C2A16D2A7000C8DC6 /* BusDriverInfo.swift */,
				2DBCF4742A14D8B900C5CF1B /* BusDriverEdit.swift */,
				2DBCF4752A14D8B900C5CF1B /* BusStudentInfo.swift */,
				2DBCF4722A14D8B800C5CF1B /* BusStudentView.swift */,
			);
			path = driver;
			sourceTree = "<group>";
		};
		2DA11DA32A13055B00D65753 /* admin */ = {
			isa = PBXGroup;
			children = (
				2DBCF4802A14D8C800C5CF1B /* SchoolView.swift */,
				2DBCF47B2A14D8C700C5CF1B /* SchoolBusView.swift */,
				2DE562B52A14F1FB00BF26AE /* SchoolInfo.swift */,
				2DBCF4832A14D8C800C5CF1B /* SchoolInfoEdit.swift */,
				2DBCF4812A14D8C800C5CF1B /* HistoryDetailView.swift */,
				2DBCF47F2A14D8C800C5CF1B /* HistoryView.swift */,
				2DBCF47D2A14D8C800C5CF1B /* SchoolStudentlist.swift */,
				2DBCF47E2A14D8C800C5CF1B /* SchoolStudentView.swift */,
				2DAA92832A164930006C8130 /* SchoolBusDriverInfoView.swift */,
			);
			path = admin;
			sourceTree = "<group>";
		};
		2DA20833299E822700A341F5 /* Extensions */ = {
			isa = PBXGroup;
			children = (
				2DA20834299E823800A341F5 /* String.swift */,
			);
			path = Extensions;
			sourceTree = "<group>";
		};
		2DAA92852A167DB9006C8130 /* Read */ = {
			isa = PBXGroup;
			children = (
				2DAA92882A167F0F006C8130 /* ReadViewModel.swift */,
			);
			path = Read;
			sourceTree = "<group>";
		};
		2DAD2B342A156EB700F01015 /* Model */ = {
			isa = PBXGroup;
			children = (
				2DAA92862A167DD2006C8130 /* OjectDemo.swift */,
			);
			path = Model;
			sourceTree = "<group>";
		};
		2DFA42C4299E7B0100F49B65 /* Views */ = {
			isa = PBXGroup;
			children = (
				2DA11DA02A13050D00D65753 /* authen */,
				2DA11DA12A13052B00D65753 /* general */,
				2DA11DA22A13055100D65753 /* driver */,
				2DA11DA32A13055B00D65753 /* admin */,
			);
			path = Views;
			sourceTree = "<group>";
		};
		CC9418B7156DD0D306F3A9A7 /* Frameworks */ = {
			isa = PBXGroup;
			children = (
				45EAAD5ECACFD54850AD9B73 /* Pods_Passenger_Tracking_App.framework */,
				AD1193DD98BAA6FD6D5B10F4 /* Pods_Passenger_Tracking_App_Passenger_Tracking_AppUITests.framework */,
				7E55C7A9A3C8FF6860013BA7 /* Pods_Passenger_Tracking_AppTests.framework */,
			);
			name = Frameworks;
			sourceTree = "<group>";
		};
		D80295261CBA14D642503F3A /* Pods */ = {
			isa = PBXGroup;
			children = (
				970C5E3B5A12152C71239B36 /* Pods-Passenger Tracking App.debug.xcconfig */,
				3D855DACA51BD83C5B6A898F /* Pods-Passenger Tracking App.release.xcconfig */,
				CE8C9D0CD50C0429D239062E /* Pods-Passenger Tracking App-Passenger Tracking AppUITests.debug.xcconfig */,
				44F714510B1CA844AC29E90C /* Pods-Passenger Tracking App-Passenger Tracking AppUITests.release.xcconfig */,
				34A526A2EFF04DC700C0534B /* Pods-Passenger Tracking AppTests.debug.xcconfig */,
				1A1B852FAA9B80121A75F93B /* Pods-Passenger Tracking AppTests.release.xcconfig */,
			);
			path = Pods;
			sourceTree = "<group>";
		};
/* End PBXGroup section */

/* Begin PBXNativeTarget section */
		2D1E071B299E7A0F00ECE9F5 /* Passenger Tracking App */ = {
			isa = PBXNativeTarget;
			buildConfigurationList = 2D1E0740299E7A1200ECE9F5 /* Build configuration list for PBXNativeTarget "Passenger Tracking App" */;
			buildPhases = (
				EC0F835261E89351B79BBDCE /* [CP] Check Pods Manifest.lock */,
				2D1E0718299E7A0F00ECE9F5 /* Sources */,
				2D1E0719299E7A0F00ECE9F5 /* Frameworks */,
				2D1E071A299E7A0F00ECE9F5 /* Resources */,
			);
			buildRules = (
			);
			dependencies = (
			);
			name = "Passenger Tracking App";
			packageProductDependencies = (
				2DAD2B3A2A1575AD00F01015 /* FirebaseAuth */,
				2DAD2B3C2A1575AD00F01015 /* FirebaseDatabase */,
				2DAD2B3E2A1575AD00F01015 /* FirebaseDatabaseSwift */,
				2DAD2B402A1575AD00F01015 /* FirebaseFirestore */,
			);
			productName = "Passenger Tracking App";
			productReference = 2D1E071C299E7A0F00ECE9F5 /* Passenger Tracking App.app */;
			productType = "com.apple.product-type.application";
		};
		2D1E072B299E7A1200ECE9F5 /* Passenger Tracking AppTests */ = {
			isa = PBXNativeTarget;
			buildConfigurationList = 2D1E0743299E7A1200ECE9F5 /* Build configuration list for PBXNativeTarget "Passenger Tracking AppTests" */;
			buildPhases = (
				43F9CF742680D3F22ECB161D /* [CP] Check Pods Manifest.lock */,
				2D1E0728299E7A1200ECE9F5 /* Sources */,
				2D1E0729299E7A1200ECE9F5 /* Frameworks */,
				2D1E072A299E7A1200ECE9F5 /* Resources */,
			);
			buildRules = (
			);
			dependencies = (
				2D1E072E299E7A1200ECE9F5 /* PBXTargetDependency */,
			);
			name = "Passenger Tracking AppTests";
			productName = "Passenger Tracking AppTests";
			productReference = 2D1E072C299E7A1200ECE9F5 /* Passenger Tracking AppTests.xctest */;
			productType = "com.apple.product-type.bundle.unit-test";
		};
		2D1E0735299E7A1200ECE9F5 /* Passenger Tracking AppUITests */ = {
			isa = PBXNativeTarget;
			buildConfigurationList = 2D1E0746299E7A1200ECE9F5 /* Build configuration list for PBXNativeTarget "Passenger Tracking AppUITests" */;
			buildPhases = (
				4147B8B1931B0272F70CB97F /* [CP] Check Pods Manifest.lock */,
				2D1E0732299E7A1200ECE9F5 /* Sources */,
				2D1E0733299E7A1200ECE9F5 /* Frameworks */,
				2D1E0734299E7A1200ECE9F5 /* Resources */,
			);
			buildRules = (
			);
			dependencies = (
				2D1E0738299E7A1200ECE9F5 /* PBXTargetDependency */,
			);
			name = "Passenger Tracking AppUITests";
			productName = "Passenger Tracking AppUITests";
			productReference = 2D1E0736299E7A1200ECE9F5 /* Passenger Tracking AppUITests.xctest */;
			productType = "com.apple.product-type.bundle.ui-testing";
		};
/* End PBXNativeTarget section */

/* Begin PBXProject section */
		2D1E0714299E7A0F00ECE9F5 /* Project object */ = {
			isa = PBXProject;
			attributes = {
				BuildIndependentTargetsInParallel = 1;
				LastSwiftUpdateCheck = 1420;
				LastUpgradeCheck = 1420;
				TargetAttributes = {
					2D1E071B299E7A0F00ECE9F5 = {
						CreatedOnToolsVersion = 14.2;
					};
					2D1E072B299E7A1200ECE9F5 = {
						CreatedOnToolsVersion = 14.2;
						TestTargetID = 2D1E071B299E7A0F00ECE9F5;
					};
					2D1E0735299E7A1200ECE9F5 = {
						CreatedOnToolsVersion = 14.2;
						TestTargetID = 2D1E071B299E7A0F00ECE9F5;
					};
				};
			};
			buildConfigurationList = 2D1E0717299E7A0F00ECE9F5 /* Build configuration list for PBXProject "Passenger Tracking App" */;
			compatibilityVersion = "Xcode 14.0";
			developmentRegion = en;
			hasScannedForEncodings = 0;
			knownRegions = (
				en,
				Base,
			);
			mainGroup = 2D1E0713299E7A0F00ECE9F5;
			packageReferences = (
				2DAD2B392A1575AD00F01015 /* XCRemoteSwiftPackageReference "firebase-ios-sdk" */,
			);
			productRefGroup = 2D1E071D299E7A0F00ECE9F5 /* Products */;
			projectDirPath = "";
			projectRoot = "";
			targets = (
				2D1E071B299E7A0F00ECE9F5 /* Passenger Tracking App */,
				2D1E072B299E7A1200ECE9F5 /* Passenger Tracking AppTests */,
				2D1E0735299E7A1200ECE9F5 /* Passenger Tracking AppUITests */,
			);
		};
/* End PBXProject section */

/* Begin PBXResourcesBuildPhase section */
		2D1E071A299E7A0F00ECE9F5 /* Resources */ = {
			isa = PBXResourcesBuildPhase;
			buildActionMask = 2147483647;
			files = (
				2D1E0727299E7A1100ECE9F5 /* Preview Assets.xcassets in Resources */,
				2D1E0724299E7A1100ECE9F5 /* Assets.xcassets in Resources */,
				2DB2428F2A16D70A000C8DC6 /* GoogleService-Info.plist in Resources */,
			);
			runOnlyForDeploymentPostprocessing = 0;
		};
		2D1E072A299E7A1200ECE9F5 /* Resources */ = {
			isa = PBXResourcesBuildPhase;
			buildActionMask = 2147483647;
			files = (
			);
			runOnlyForDeploymentPostprocessing = 0;
		};
		2D1E0734299E7A1200ECE9F5 /* Resources */ = {
			isa = PBXResourcesBuildPhase;
			buildActionMask = 2147483647;
			files = (
			);
			runOnlyForDeploymentPostprocessing = 0;
		};
/* End PBXResourcesBuildPhase section */

/* Begin PBXShellScriptBuildPhase section */
		4147B8B1931B0272F70CB97F /* [CP] Check Pods Manifest.lock */ = {
			isa = PBXShellScriptBuildPhase;
			buildActionMask = 2147483647;
			files = (
			);
			inputFileListPaths = (
			);
			inputPaths = (
				"${PODS_PODFILE_DIR_PATH}/Podfile.lock",
				"${PODS_ROOT}/Manifest.lock",
			);
			name = "[CP] Check Pods Manifest.lock";
			outputFileListPaths = (
			);
			outputPaths = (
				"$(DERIVED_FILE_DIR)/Pods-Passenger Tracking App-Passenger Tracking AppUITests-checkManifestLockResult.txt",
			);
			runOnlyForDeploymentPostprocessing = 0;
			shellPath = /bin/sh;
			shellScript = "diff \"${PODS_PODFILE_DIR_PATH}/Podfile.lock\" \"${PODS_ROOT}/Manifest.lock\" > /dev/null\nif [ $? != 0 ] ; then\n    # print error to STDERR\n    echo \"error: The sandbox is not in sync with the Podfile.lock. Run 'pod install' or update your CocoaPods installation.\" >&2\n    exit 1\nfi\n# This output is used by Xcode 'outputs' to avoid re-running this script phase.\necho \"SUCCESS\" > \"${SCRIPT_OUTPUT_FILE_0}\"\n";
			showEnvVarsInLog = 0;
		};
		43F9CF742680D3F22ECB161D /* [CP] Check Pods Manifest.lock */ = {
			isa = PBXShellScriptBuildPhase;
			buildActionMask = 2147483647;
			files = (
			);
			inputFileListPaths = (
			);
			inputPaths = (
				"${PODS_PODFILE_DIR_PATH}/Podfile.lock",
				"${PODS_ROOT}/Manifest.lock",
			);
			name = "[CP] Check Pods Manifest.lock";
			outputFileListPaths = (
			);
			outputPaths = (
				"$(DERIVED_FILE_DIR)/Pods-Passenger Tracking AppTests-checkManifestLockResult.txt",
			);
			runOnlyForDeploymentPostprocessing = 0;
			shellPath = /bin/sh;
			shellScript = "diff \"${PODS_PODFILE_DIR_PATH}/Podfile.lock\" \"${PODS_ROOT}/Manifest.lock\" > /dev/null\nif [ $? != 0 ] ; then\n    # print error to STDERR\n    echo \"error: The sandbox is not in sync with the Podfile.lock. Run 'pod install' or update your CocoaPods installation.\" >&2\n    exit 1\nfi\n# This output is used by Xcode 'outputs' to avoid re-running this script phase.\necho \"SUCCESS\" > \"${SCRIPT_OUTPUT_FILE_0}\"\n";
			showEnvVarsInLog = 0;
		};
		EC0F835261E89351B79BBDCE /* [CP] Check Pods Manifest.lock */ = {
			isa = PBXShellScriptBuildPhase;
			buildActionMask = 2147483647;
			files = (
			);
			inputFileListPaths = (
			);
			inputPaths = (
				"${PODS_PODFILE_DIR_PATH}/Podfile.lock",
				"${PODS_ROOT}/Manifest.lock",
			);
			name = "[CP] Check Pods Manifest.lock";
			outputFileListPaths = (
			);
			outputPaths = (
				"$(DERIVED_FILE_DIR)/Pods-Passenger Tracking App-checkManifestLockResult.txt",
			);
			runOnlyForDeploymentPostprocessing = 0;
			shellPath = /bin/sh;
			shellScript = "diff \"${PODS_PODFILE_DIR_PATH}/Podfile.lock\" \"${PODS_ROOT}/Manifest.lock\" > /dev/null\nif [ $? != 0 ] ; then\n    # print error to STDERR\n    echo \"error: The sandbox is not in sync with the Podfile.lock. Run 'pod install' or update your CocoaPods installation.\" >&2\n    exit 1\nfi\n# This output is used by Xcode 'outputs' to avoid re-running this script phase.\necho \"SUCCESS\" > \"${SCRIPT_OUTPUT_FILE_0}\"\n";
			showEnvVarsInLog = 0;
		};
/* End PBXShellScriptBuildPhase section */

/* Begin PBXSourcesBuildPhase section */
		2D1E0718299E7A0F00ECE9F5 /* Sources */ = {
			isa = PBXSourcesBuildPhase;
			buildActionMask = 2147483647;
			files = (
				2DE562C02A15640900BF26AE /* BusStudentAdd.swift in Sources */,
				2DBCF4882A14D8C800C5CF1B /* HistoryView.swift in Sources */,
				2DB242932A16FE1E000C8DC6 /* StudentTracking.swift in Sources */,
				2DBCF46B2A14D88F00C5CF1B /* ParentsStudentView.swift in Sources */,
				2DBCF46A2A14D88F00C5CF1B /* StudentHistory.swift in Sources */,
				2DBCF4892A14D8C800C5CF1B /* SchoolView.swift in Sources */,
				2DBCF48A2A14D8C800C5CF1B /* HistoryDetailView.swift in Sources */,
				2DFA42C6299E7B1300F49B65 /* LoginView.swift in Sources */,
				2DA20837299E8BCD00A341F5 /* RegisterView.swift in Sources */,
				2DBCF4872A14D8C800C5CF1B /* SchoolStudentView.swift in Sources */,
				2DE562B92A14F20500BF26AE /* StudentSchoolInfo.swift in Sources */,
				2DBCF46D2A14D88F00C5CF1B /* StudentEdit.swift in Sources */,
				2DA20839299E8C7800A341F5 /* AuthView.swift in Sources */,
				2DB242912A16E258000C8DC6 /* realtime.swift in Sources */,
				2DBCF4792A14D8B900C5CF1B /* BusDriverEdit.swift in Sources */,
				2DB2428D2A16D2A7000C8DC6 /* BusDriverInfo.swift in Sources */,
				2D1E0722299E7A0F00ECE9F5 /* ContentView.swift in Sources */,
				2DBCF48C2A14D8C800C5CF1B /* SchoolInfoEdit.swift in Sources */,
				2DBCF4862A14D8C800C5CF1B /* SchoolStudentlist.swift in Sources */,
				2DBCF46C2A14D88F00C5CF1B /* ParentsView.swift in Sources */,
				2DE562BE2A15640900BF26AE /* BusStudentList.swift in Sources */,
				2DAA92872A167DD2006C8130 /* OjectDemo.swift in Sources */,
				2DBCF4772A14D8B900C5CF1B /* BusStudentView.swift in Sources */,
				2DAA92892A167F0F006C8130 /* ReadViewModel.swift in Sources */,
				2DB2428B2A16D24D000C8DC6 /* ParentsInfo.swift in Sources */,
				2DE562B62A14F1FB00BF26AE /* SchoolInfo.swift in Sources */,
				2DAA92842A164930006C8130 /* SchoolBusDriverInfoView.swift in Sources */,
				2DA20835299E823800A341F5 /* String.swift in Sources */,
				2DB2428A2A16D24D000C8DC6 /* ParentsEdit.swift in Sources */,
				2DBCF4842A14D8C800C5CF1B /* SchoolBusView.swift in Sources */,
				2DBCF47A2A14D8B900C5CF1B /* BusStudentInfo.swift in Sources */,
				2DA8C2FB2A16189500B1F1E9 /* StudentAdd.swift in Sources */,
				2DE562BF2A15640900BF26AE /* BusDriverView.swift in Sources */,
				2DE562BA2A14F20500BF26AE /* StudentInfoView.swift in Sources */,
				2D1E0720299E7A0F00ECE9F5 /* Passenger_Tracking_AppApp.swift in Sources */,
			);
			runOnlyForDeploymentPostprocessing = 0;
		};
		2D1E0728299E7A1200ECE9F5 /* Sources */ = {
			isa = PBXSourcesBuildPhase;
			buildActionMask = 2147483647;
			files = (
				2D1E0731299E7A1200ECE9F5 /* Passenger_Tracking_AppTests.swift in Sources */,
			);
			runOnlyForDeploymentPostprocessing = 0;
		};
		2D1E0732299E7A1200ECE9F5 /* Sources */ = {
			isa = PBXSourcesBuildPhase;
			buildActionMask = 2147483647;
			files = (
				2D1E073D299E7A1200ECE9F5 /* Passenger_Tracking_AppUITestsLaunchTests.swift in Sources */,
				2D1E073B299E7A1200ECE9F5 /* Passenger_Tracking_AppUITests.swift in Sources */,
			);
			runOnlyForDeploymentPostprocessing = 0;
		};
/* End PBXSourcesBuildPhase section */

/* Begin PBXTargetDependency section */
		2D1E072E299E7A1200ECE9F5 /* PBXTargetDependency */ = {
			isa = PBXTargetDependency;
			target = 2D1E071B299E7A0F00ECE9F5 /* Passenger Tracking App */;
			targetProxy = 2D1E072D299E7A1200ECE9F5 /* PBXContainerItemProxy */;
		};
		2D1E0738299E7A1200ECE9F5 /* PBXTargetDependency */ = {
			isa = PBXTargetDependency;
			target = 2D1E071B299E7A0F00ECE9F5 /* Passenger Tracking App */;
			targetProxy = 2D1E0737299E7A1200ECE9F5 /* PBXContainerItemProxy */;
		};
/* End PBXTargetDependency section */

/* Begin XCBuildConfiguration section */
		2D1E073E299E7A1200ECE9F5 /* Debug */ = {
			isa = XCBuildConfiguration;
			buildSettings = {
				ALWAYS_SEARCH_USER_PATHS = NO;
				CLANG_ANALYZER_NONNULL = YES;
				CLANG_ANALYZER_NUMBER_OBJECT_CONVERSION = YES_AGGRESSIVE;
				CLANG_CXX_LANGUAGE_STANDARD = "gnu++20";
				CLANG_ENABLE_MODULES = YES;
				CLANG_ENABLE_OBJC_ARC = YES;
				CLANG_ENABLE_OBJC_WEAK = YES;
				CLANG_WARN_BLOCK_CAPTURE_AUTORELEASING = YES;
				CLANG_WARN_BOOL_CONVERSION = YES;
				CLANG_WARN_COMMA = YES;
				CLANG_WARN_CONSTANT_CONVERSION = YES;
				CLANG_WARN_DEPRECATED_OBJC_IMPLEMENTATIONS = YES;
				CLANG_WARN_DIRECT_OBJC_ISA_USAGE = YES_ERROR;
				CLANG_WARN_DOCUMENTATION_COMMENTS = YES;
				CLANG_WARN_EMPTY_BODY = YES;
				CLANG_WARN_ENUM_CONVERSION = YES;
				CLANG_WARN_INFINITE_RECURSION = YES;
				CLANG_WARN_INT_CONVERSION = YES;
				CLANG_WARN_NON_LITERAL_NULL_CONVERSION = YES;
				CLANG_WARN_OBJC_IMPLICIT_RETAIN_SELF = YES;
				CLANG_WARN_OBJC_LITERAL_CONVERSION = YES;
				CLANG_WARN_OBJC_ROOT_CLASS = YES_ERROR;
				CLANG_WARN_QUOTED_INCLUDE_IN_FRAMEWORK_HEADER = YES;
				CLANG_WARN_RANGE_LOOP_ANALYSIS = YES;
				CLANG_WARN_STRICT_PROTOTYPES = YES;
				CLANG_WARN_SUSPICIOUS_MOVE = YES;
				CLANG_WARN_UNGUARDED_AVAILABILITY = YES_AGGRESSIVE;
				CLANG_WARN_UNREACHABLE_CODE = YES;
				CLANG_WARN__DUPLICATE_METHOD_MATCH = YES;
				COPY_PHASE_STRIP = NO;
				DEBUG_INFORMATION_FORMAT = dwarf;
				ENABLE_STRICT_OBJC_MSGSEND = YES;
				ENABLE_TESTABILITY = YES;
				GCC_C_LANGUAGE_STANDARD = gnu11;
				GCC_DYNAMIC_NO_PIC = NO;
				GCC_NO_COMMON_BLOCKS = YES;
				GCC_OPTIMIZATION_LEVEL = 0;
				GCC_PREPROCESSOR_DEFINITIONS = (
					"DEBUG=1",
					"$(inherited)",
				);
				GCC_WARN_64_TO_32_BIT_CONVERSION = YES;
				GCC_WARN_ABOUT_RETURN_TYPE = YES_ERROR;
				GCC_WARN_UNDECLARED_SELECTOR = YES;
				GCC_WARN_UNINITIALIZED_AUTOS = YES_AGGRESSIVE;
				GCC_WARN_UNUSED_FUNCTION = YES;
				GCC_WARN_UNUSED_VARIABLE = YES;
				IPHONEOS_DEPLOYMENT_TARGET = 16.2;
				MTL_ENABLE_DEBUG_INFO = INCLUDE_SOURCE;
				MTL_FAST_MATH = YES;
				ONLY_ACTIVE_ARCH = YES;
				SDKROOT = iphoneos;
				SWIFT_ACTIVE_COMPILATION_CONDITIONS = DEBUG;
				SWIFT_OPTIMIZATION_LEVEL = "-Onone";
			};
			name = Debug;
		};
		2D1E073F299E7A1200ECE9F5 /* Release */ = {
			isa = XCBuildConfiguration;
			buildSettings = {
				ALWAYS_SEARCH_USER_PATHS = NO;
				CLANG_ANALYZER_NONNULL = YES;
				CLANG_ANALYZER_NUMBER_OBJECT_CONVERSION = YES_AGGRESSIVE;
				CLANG_CXX_LANGUAGE_STANDARD = "gnu++20";
				CLANG_ENABLE_MODULES = YES;
				CLANG_ENABLE_OBJC_ARC = YES;
				CLANG_ENABLE_OBJC_WEAK = YES;
				CLANG_WARN_BLOCK_CAPTURE_AUTORELEASING = YES;
				CLANG_WARN_BOOL_CONVERSION = YES;
				CLANG_WARN_COMMA = YES;
				CLANG_WARN_CONSTANT_CONVERSION = YES;
				CLANG_WARN_DEPRECATED_OBJC_IMPLEMENTATIONS = YES;
				CLANG_WARN_DIRECT_OBJC_ISA_USAGE = YES_ERROR;
				CLANG_WARN_DOCUMENTATION_COMMENTS = YES;
				CLANG_WARN_EMPTY_BODY = YES;
				CLANG_WARN_ENUM_CONVERSION = YES;
				CLANG_WARN_INFINITE_RECURSION = YES;
				CLANG_WARN_INT_CONVERSION = YES;
				CLANG_WARN_NON_LITERAL_NULL_CONVERSION = YES;
				CLANG_WARN_OBJC_IMPLICIT_RETAIN_SELF = YES;
				CLANG_WARN_OBJC_LITERAL_CONVERSION = YES;
				CLANG_WARN_OBJC_ROOT_CLASS = YES_ERROR;
				CLANG_WARN_QUOTED_INCLUDE_IN_FRAMEWORK_HEADER = YES;
				CLANG_WARN_RANGE_LOOP_ANALYSIS = YES;
				CLANG_WARN_STRICT_PROTOTYPES = YES;
				CLANG_WARN_SUSPICIOUS_MOVE = YES;
				CLANG_WARN_UNGUARDED_AVAILABILITY = YES_AGGRESSIVE;
				CLANG_WARN_UNREACHABLE_CODE = YES;
				CLANG_WARN__DUPLICATE_METHOD_MATCH = YES;
				COPY_PHASE_STRIP = NO;
				DEBUG_INFORMATION_FORMAT = "dwarf-with-dsym";
				ENABLE_NS_ASSERTIONS = NO;
				ENABLE_STRICT_OBJC_MSGSEND = YES;
				GCC_C_LANGUAGE_STANDARD = gnu11;
				GCC_NO_COMMON_BLOCKS = YES;
				GCC_WARN_64_TO_32_BIT_CONVERSION = YES;
				GCC_WARN_ABOUT_RETURN_TYPE = YES_ERROR;
				GCC_WARN_UNDECLARED_SELECTOR = YES;
				GCC_WARN_UNINITIALIZED_AUTOS = YES_AGGRESSIVE;
				GCC_WARN_UNUSED_FUNCTION = YES;
				GCC_WARN_UNUSED_VARIABLE = YES;
				IPHONEOS_DEPLOYMENT_TARGET = 16.2;
				MTL_ENABLE_DEBUG_INFO = NO;
				MTL_FAST_MATH = YES;
				SDKROOT = iphoneos;
				SWIFT_COMPILATION_MODE = wholemodule;
				SWIFT_OPTIMIZATION_LEVEL = "-O";
				VALIDATE_PRODUCT = YES;
			};
			name = Release;
		};
		2D1E0741299E7A1200ECE9F5 /* Debug */ = {
			isa = XCBuildConfiguration;
			baseConfigurationReference = 970C5E3B5A12152C71239B36 /* Pods-Passenger Tracking App.debug.xcconfig */;
			buildSettings = {
				ASSETCATALOG_COMPILER_APPICON_NAME = AppIcon;
				ASSETCATALOG_COMPILER_GLOBAL_ACCENT_COLOR_NAME = AccentColor;
				CODE_SIGN_STYLE = Automatic;
				CURRENT_PROJECT_VERSION = 1;
				DEVELOPMENT_ASSET_PATHS = "\"Passenger Tracking App/Preview Content\"";
				ENABLE_PREVIEWS = YES;
				GENERATE_INFOPLIST_FILE = YES;
				INFOPLIST_KEY_UIApplicationSceneManifest_Generation = YES;
				INFOPLIST_KEY_UIApplicationSupportsIndirectInputEvents = YES;
				INFOPLIST_KEY_UILaunchScreen_Generation = YES;
				INFOPLIST_KEY_UISupportedInterfaceOrientations = UIInterfaceOrientationPortrait;
				LD_RUNPATH_SEARCH_PATHS = (
					"$(inherited)",
					"@executable_path/Frameworks",
				);
				MARKETING_VERSION = 1.0;
				PRODUCT_BUNDLE_IDENTIFIER = "Kittisak-x-Thiti.Passenger-Tracking-App";
				PRODUCT_NAME = "$(TARGET_NAME)";
				SWIFT_EMIT_LOC_STRINGS = YES;
				SWIFT_VERSION = 5.0;
				TARGETED_DEVICE_FAMILY = "1,2";
			};
			name = Debug;
		};
		2D1E0742299E7A1200ECE9F5 /* Release */ = {
			isa = XCBuildConfiguration;
			baseConfigurationReference = 3D855DACA51BD83C5B6A898F /* Pods-Passenger Tracking App.release.xcconfig */;
			buildSettings = {
				ASSETCATALOG_COMPILER_APPICON_NAME = AppIcon;
				ASSETCATALOG_COMPILER_GLOBAL_ACCENT_COLOR_NAME = AccentColor;
				CODE_SIGN_STYLE = Automatic;
				CURRENT_PROJECT_VERSION = 1;
				DEVELOPMENT_ASSET_PATHS = "\"Passenger Tracking App/Preview Content\"";
				ENABLE_PREVIEWS = YES;
				GENERATE_INFOPLIST_FILE = YES;
				INFOPLIST_KEY_UIApplicationSceneManifest_Generation = YES;
				INFOPLIST_KEY_UIApplicationSupportsIndirectInputEvents = YES;
				INFOPLIST_KEY_UILaunchScreen_Generation = YES;
				INFOPLIST_KEY_UISupportedInterfaceOrientations = UIInterfaceOrientationPortrait;
				LD_RUNPATH_SEARCH_PATHS = (
					"$(inherited)",
					"@executable_path/Frameworks",
				);
				MARKETING_VERSION = 1.0;
				PRODUCT_BUNDLE_IDENTIFIER = "Kittisak-x-Thiti.Passenger-Tracking-App";
				PRODUCT_NAME = "$(TARGET_NAME)";
				SWIFT_EMIT_LOC_STRINGS = YES;
				SWIFT_VERSION = 5.0;
				TARGETED_DEVICE_FAMILY = "1,2";
			};
			name = Release;
		};
		2D1E0744299E7A1200ECE9F5 /* Debug */ = {
			isa = XCBuildConfiguration;
			baseConfigurationReference = 34A526A2EFF04DC700C0534B /* Pods-Passenger Tracking AppTests.debug.xcconfig */;
			buildSettings = {
				ALWAYS_EMBED_SWIFT_STANDARD_LIBRARIES = YES;
				BUNDLE_LOADER = "$(TEST_HOST)";
				CODE_SIGN_STYLE = Automatic;
				CURRENT_PROJECT_VERSION = 1;
				GENERATE_INFOPLIST_FILE = YES;
				IPHONEOS_DEPLOYMENT_TARGET = 16.2;
				MARKETING_VERSION = 1.0;
				PRODUCT_BUNDLE_IDENTIFIER = "Kittisak-x-Thiti.Passenger-Tracking-AppTests";
				PRODUCT_NAME = "$(TARGET_NAME)";
				SWIFT_EMIT_LOC_STRINGS = NO;
				SWIFT_VERSION = 5.0;
				TARGETED_DEVICE_FAMILY = "1,2";
				TEST_HOST = "$(BUILT_PRODUCTS_DIR)/Passenger Tracking App.app/$(BUNDLE_EXECUTABLE_FOLDER_PATH)/Passenger Tracking App";
			};
			name = Debug;
		};
		2D1E0745299E7A1200ECE9F5 /* Release */ = {
			isa = XCBuildConfiguration;
			baseConfigurationReference = 1A1B852FAA9B80121A75F93B /* Pods-Passenger Tracking AppTests.release.xcconfig */;
			buildSettings = {
				ALWAYS_EMBED_SWIFT_STANDARD_LIBRARIES = YES;
				BUNDLE_LOADER = "$(TEST_HOST)";
				CODE_SIGN_STYLE = Automatic;
				CURRENT_PROJECT_VERSION = 1;
				GENERATE_INFOPLIST_FILE = YES;
				IPHONEOS_DEPLOYMENT_TARGET = 16.2;
				MARKETING_VERSION = 1.0;
				PRODUCT_BUNDLE_IDENTIFIER = "Kittisak-x-Thiti.Passenger-Tracking-AppTests";
				PRODUCT_NAME = "$(TARGET_NAME)";
				SWIFT_EMIT_LOC_STRINGS = NO;
				SWIFT_VERSION = 5.0;
				TARGETED_DEVICE_FAMILY = "1,2";
				TEST_HOST = "$(BUILT_PRODUCTS_DIR)/Passenger Tracking App.app/$(BUNDLE_EXECUTABLE_FOLDER_PATH)/Passenger Tracking App";
			};
			name = Release;
		};
		2D1E0747299E7A1200ECE9F5 /* Debug */ = {
			isa = XCBuildConfiguration;
			baseConfigurationReference = CE8C9D0CD50C0429D239062E /* Pods-Passenger Tracking App-Passenger Tracking AppUITests.debug.xcconfig */;
			buildSettings = {
				ALWAYS_EMBED_SWIFT_STANDARD_LIBRARIES = YES;
				CODE_SIGN_STYLE = Automatic;
				CURRENT_PROJECT_VERSION = 1;
				GENERATE_INFOPLIST_FILE = YES;
				MARKETING_VERSION = 1.0;
				PRODUCT_BUNDLE_IDENTIFIER = "Kittisak-x-Thiti.Passenger-Tracking-AppUITests";
				PRODUCT_NAME = "$(TARGET_NAME)";
				SWIFT_EMIT_LOC_STRINGS = NO;
				SWIFT_VERSION = 5.0;
				TARGETED_DEVICE_FAMILY = "1,2";
				TEST_TARGET_NAME = "Passenger Tracking App";
			};
			name = Debug;
		};
		2D1E0748299E7A1200ECE9F5 /* Release */ = {
			isa = XCBuildConfiguration;
			baseConfigurationReference = 44F714510B1CA844AC29E90C /* Pods-Passenger Tracking App-Passenger Tracking AppUITests.release.xcconfig */;
			buildSettings = {
				ALWAYS_EMBED_SWIFT_STANDARD_LIBRARIES = YES;
				CODE_SIGN_STYLE = Automatic;
				CURRENT_PROJECT_VERSION = 1;
				GENERATE_INFOPLIST_FILE = YES;
				MARKETING_VERSION = 1.0;
				PRODUCT_BUNDLE_IDENTIFIER = "Kittisak-x-Thiti.Passenger-Tracking-AppUITests";
				PRODUCT_NAME = "$(TARGET_NAME)";
				SWIFT_EMIT_LOC_STRINGS = NO;
				SWIFT_VERSION = 5.0;
				TARGETED_DEVICE_FAMILY = "1,2";
				TEST_TARGET_NAME = "Passenger Tracking App";
			};
			name = Release;
		};
/* End XCBuildConfiguration section */

/* Begin XCConfigurationList section */
		2D1E0717299E7A0F00ECE9F5 /* Build configuration list for PBXProject "Passenger Tracking App" */ = {
			isa = XCConfigurationList;
			buildConfigurations = (
				2D1E073E299E7A1200ECE9F5 /* Debug */,
				2D1E073F299E7A1200ECE9F5 /* Release */,
			);
			defaultConfigurationIsVisible = 0;
			defaultConfigurationName = Release;
		};
		2D1E0740299E7A1200ECE9F5 /* Build configuration list for PBXNativeTarget "Passenger Tracking App" */ = {
			isa = XCConfigurationList;
			buildConfigurations = (
				2D1E0741299E7A1200ECE9F5 /* Debug */,
				2D1E0742299E7A1200ECE9F5 /* Release */,
			);
			defaultConfigurationIsVisible = 0;
			defaultConfigurationName = Release;
		};
		2D1E0743299E7A1200ECE9F5 /* Build configuration list for PBXNativeTarget "Passenger Tracking AppTests" */ = {
			isa = XCConfigurationList;
			buildConfigurations = (
				2D1E0744299E7A1200ECE9F5 /* Debug */,
				2D1E0745299E7A1200ECE9F5 /* Release */,
			);
			defaultConfigurationIsVisible = 0;
			defaultConfigurationName = Release;
		};
		2D1E0746299E7A1200ECE9F5 /* Build configuration list for PBXNativeTarget "Passenger Tracking AppUITests" */ = {
			isa = XCConfigurationList;
			buildConfigurations = (
				2D1E0747299E7A1200ECE9F5 /* Debug */,
				2D1E0748299E7A1200ECE9F5 /* Release */,
			);
			defaultConfigurationIsVisible = 0;
			defaultConfigurationName = Release;
		};
/* End XCConfigurationList section */

/* Begin XCRemoteSwiftPackageReference section */
		2DAD2B392A1575AD00F01015 /* XCRemoteSwiftPackageReference "firebase-ios-sdk" */ = {
			isa = XCRemoteSwiftPackageReference;
			repositoryURL = "https://github.com/firebase/firebase-ios-sdk.git";
			requirement = {
				kind = upToNextMajorVersion;
				minimumVersion = 10.0.0;
			};
		};
/* End XCRemoteSwiftPackageReference section */

/* Begin XCSwiftPackageProductDependency section */
		2DAD2B3A2A1575AD00F01015 /* FirebaseAuth */ = {
			isa = XCSwiftPackageProductDependency;
			package = 2DAD2B392A1575AD00F01015 /* XCRemoteSwiftPackageReference "firebase-ios-sdk" */;
			productName = FirebaseAuth;
		};
		2DAD2B3C2A1575AD00F01015 /* FirebaseDatabase */ = {
			isa = XCSwiftPackageProductDependency;
			package = 2DAD2B392A1575AD00F01015 /* XCRemoteSwiftPackageReference "firebase-ios-sdk" */;
			productName = FirebaseDatabase;
		};
		2DAD2B3E2A1575AD00F01015 /* FirebaseDatabaseSwift */ = {
			isa = XCSwiftPackageProductDependency;
			package = 2DAD2B392A1575AD00F01015 /* XCRemoteSwiftPackageReference "firebase-ios-sdk" */;
			productName = FirebaseDatabaseSwift;
		};
		2DAD2B402A1575AD00F01015 /* FirebaseFirestore */ = {
			isa = XCSwiftPackageProductDependency;
			package = 2DAD2B392A1575AD00F01015 /* XCRemoteSwiftPackageReference "firebase-ios-sdk" */;
			productName = FirebaseFirestore;
		};
/* End XCSwiftPackageProductDependency section */
	};
	rootObject = 2D1E0714299E7A0F00ECE9F5 /* Project object */;
}
